
Microsoft Visual Studio Solution File, Format Version 12.00
# Visual Studio 15
VisualStudioVersion = 15.0.27004.2006
MinimumVisualStudioVersion = 10.0.40219.1
Project("{8BC9CEB8-8B4A-11D0-8D11-00A0C91BC942}") = "chapter 5 practice", "chapter 5 practice\chapter 5 practice.vcxproj", "{2E901555-C3A0-4B83-AD43-3A1C19006410}"
EndProject
Global
	GlobalSection(SolutionConfigurationPlatforms) = preSolution
		Debug|x64 = Debug|x64
		Debug|x86 = Debug|x86
		Release|x64 = Release|x64
		Release|x86 = Release|x86
	EndGlobalSection
	GlobalSection(ProjectConfigurationPlatforms) = postSolution
		{2E901555-C3A0-4B83-AD43-3A1C19006410}.Debug|x64.ActiveCfg = Debug|x64
		{2E901555-C3A0-4B83-AD43-3A1C19006410}.Debug|x64.Build.0 = Debug|x64
		{2E901555-C3A0-4B83-AD43-3A1C19006410}.Debug|x86.ActiveCfg = Debug|Win32
		{2E901555-C3A0-4B83-AD43-3A1C19006410}.Debug|x86.Build.0 = Debug|Win32
		{2E901555-C3A0-4B83-AD43-3A1C19006410}.Release|x64.ActiveCfg = Release|x64
		{2E901555-C3A0-4B83-AD43-3A1C19006410}.Release|x64.Build.0 = Release|x64
		{2E901555-C3A0-4B83-AD43-3A1C19006410}.Release|x86.ActiveCfg = Release|Win32
		{2E901555-C3A0-4B83-AD43-3A1C19006410}.Release|x86.Build.0 = Release|Win32
	EndGlobalSection
	GlobalSection(SolutionProperties) = preSolution
		HideSolutionNode = FALSE
	EndGlobalSection
	GlobalSection(ExtensibilityGlobals) = postSolution
		SolutionGuid = {C289C118-DA4B-4E9D-B4FD-F061735CEA73}
	EndGlobalSection
EndGlobal
